
Microsoft Visual Studio Solution File, Format Version 12.00
# Visual Studio Version 16
VisualStudioVersion = 16.0.31729.503
MinimumVisualStudioVersion = 10.0.40219.1
Project("{9A19103F-16F7-4668-BE54-9A1E7A4F7556}") = "Task1", "Task1\Task1.csproj", "{531C5284-FCFE-406F-A1DB-1D56F0C515BC}"
EndProject
Project("{FAE04EC0-301F-11D3-BF4B-00C04F79EFBC}") = "Task1Test", "Task1Test\Task1Test.csproj", "{B8C9DC69-42D8-4010-B5BA-323035B1F5E9}"
EndProject
Global
	GlobalSection(SolutionConfigurationPlatforms) = preSolution
		Debug|Any CPU = Debug|Any CPU
		Release|Any CPU = Release|Any CPU
	EndGlobalSection
	GlobalSection(ProjectConfigurationPlatforms) = postSolution
		{531C5284-FCFE-406F-A1DB-1D56F0C515BC}.Debug|Any CPU.ActiveCfg = Debug|Any CPU
		{531C5284-FCFE-406F-A1DB-1D56F0C515BC}.Debug|Any CPU.Build.0 = Debug|Any CPU
		{531C5284-FCFE-406F-A1DB-1D56F0C515BC}.Release|Any CPU.ActiveCfg = Release|Any CPU
		{531C5284-FCFE-406F-A1DB-1D56F0C515BC}.Release|Any CPU.Build.0 = Release|Any CPU
		{B8C9DC69-42D8-4010-B5BA-323035B1F5E9}.Debug|Any CPU.ActiveCfg = Debug|Any CPU
		{B8C9DC69-42D8-4010-B5BA-323035B1F5E9}.Debug|Any CPU.Build.0 = Debug|Any CPU
		{B8C9DC69-42D8-4010-B5BA-323035B1F5E9}.Release|Any CPU.ActiveCfg = Release|Any CPU
		{B8C9DC69-42D8-4010-B5BA-323035B1F5E9}.Release|Any CPU.Build.0 = Release|Any CPU
	EndGlobalSection
	GlobalSection(SolutionProperties) = preSolution
		HideSolutionNode = FALSE
	EndGlobalSection
	GlobalSection(ExtensibilityGlobals) = postSolution
		SolutionGuid = {FAFF731D-801E-40C5-8DB4-8335B5316E96}
	EndGlobalSection
EndGlobal
